
Microsoft Visual Studio Solution File, Format Version 12.00
# Visual Studio 2012
Project("{FAE04EC0-301F-11D3-BF4B-00C04F79EFBC}") = "OOP_GP", "OOP_GP\OOP_GP.csproj", "{9CB49951-2C10-4B59-AFE4-62A61622DA86}"
EndProject
Global
	GlobalSection(SolutionConfigurationPlatforms) = preSolution
		Debug|Any CPU = Debug|Any CPU
		Release|Any CPU = Release|Any CPU
	EndGlobalSection
	GlobalSection(ProjectConfigurationPlatforms) = postSolution
		{9CB49951-2C10-4B59-AFE4-62A61622DA86}.Debug|Any CPU.ActiveCfg = Debug|Any CPU
		{9CB49951-2C10-4B59-AFE4-62A61622DA86}.Debug|Any CPU.Build.0 = Debug|Any CPU
		{9CB49951-2C10-4B59-AFE4-62A61622DA86}.Release|Any CPU.ActiveCfg = Release|Any CPU
		{9CB49951-2C10-4B59-AFE4-62A61622DA86}.Release|Any CPU.Build.0 = Release|Any CPU
	EndGlobalSection
	GlobalSection(SolutionProperties) = preSolution
		HideSolutionNode = FALSE
	EndGlobalSection
EndGlobal
